
Microsoft Visual Studio Solution File, Format Version 12.00
# Visual Studio 15
VisualStudioVersion = 15.0.28307.1927
MinimumVisualStudioVersion = 10.0.40219.1
Project("{FAE04EC0-301F-11D3-BF4B-00C04F79EFBC}") = "STP_8", "STP_8\STP_8.csproj", "{6047D42E-A8BC-4F08-959C-55FEE93ECD4A}"
EndProject
Global
	GlobalSection(SolutionConfigurationPlatforms) = preSolution
		Debug|Any CPU = Debug|Any CPU
		Release|Any CPU = Release|Any CPU
	EndGlobalSection
	GlobalSection(ProjectConfigurationPlatforms) = postSolution
		{6047D42E-A8BC-4F08-959C-55FEE93ECD4A}.Debug|Any CPU.ActiveCfg = Debug|Any CPU
		{6047D42E-A8BC-4F08-959C-55FEE93ECD4A}.Debug|Any CPU.Build.0 = Debug|Any CPU
		{6047D42E-A8BC-4F08-959C-55FEE93ECD4A}.Release|Any CPU.ActiveCfg = Release|Any CPU
		{6047D42E-A8BC-4F08-959C-55FEE93ECD4A}.Release|Any CPU.Build.0 = Release|Any CPU
	EndGlobalSection
	GlobalSection(SolutionProperties) = preSolution
		HideSolutionNode = FALSE
	EndGlobalSection
	GlobalSection(ExtensibilityGlobals) = postSolution
		SolutionGuid = {22D29D54-EC96-4EF6-95AF-B5866C3901E6}
	EndGlobalSection
EndGlobal
